#MicroXplorer Configuration settings - do not modify
FSMC.BusTurnAroundDuration1=0
FSMC.DataSetupTime1=60
FSMC.ExtendedAddressSetupTime1=9
FSMC.ExtendedBusTurnAroundDuration1=0
FSMC.ExtendedDataSetupTime1=8
FSMC.ExtendedMode1=FSMC_EXTENDED_MODE_ENABLE
FSMC.IPParameters=ExtendedMode1,DataSetupTime1,BusTurnAroundDuration1,ExtendedAddressSetupTime1,ExtendedDataSetupTime1,ExtendedBusTurnAroundDuration1
File.Version=6
GPIO.groupedBy=Group By Peripherals
KeepUserPlacement=false
Mcu.Family=STM32F4
Mcu.IP0=CRC
Mcu.IP1=FSMC
Mcu.IP2=NVIC
Mcu.IP3=RCC
Mcu.IP4=SYS
Mcu.IPNb=5
Mcu.Name=STM32F407V(E-G)Tx
Mcu.Package=LQFP100
Mcu.Pin0=PC5
Mcu.Pin1=PB1
Mcu.Pin10=PE15
Mcu.Pin11=PB12
Mcu.Pin12=PB13
Mcu.Pin13=PB14
Mcu.Pin14=PB15
Mcu.Pin15=PD8
Mcu.Pin16=PD9
Mcu.Pin17=PD10
Mcu.Pin18=PD13
Mcu.Pin19=PD14
Mcu.Pin2=PE7
Mcu.Pin20=PD15
Mcu.Pin21=PD0
Mcu.Pin22=PD1
Mcu.Pin23=PD4
Mcu.Pin24=PD5
Mcu.Pin25=PD7
Mcu.Pin26=PB8
Mcu.Pin27=PB9
Mcu.Pin28=VP_CRC_VS_CRC
Mcu.Pin29=VP_SYS_VS_Systick
Mcu.Pin3=PE8
Mcu.Pin30=VP_STMicroelectronics.X-CUBE-AI_VS_ArtificialOoIntelligenceJjXAaCUBEAaAI_5.0.0
Mcu.Pin31=VP_STMicroelectronics.X-CUBE-AI_VS_ArtificialOoIntelligenceJjApplication_5.0.0
Mcu.Pin4=PE9
Mcu.Pin5=PE10
Mcu.Pin6=PE11
Mcu.Pin7=PE12
Mcu.Pin8=PE13
Mcu.Pin9=PE14
Mcu.PinsNb=32
Mcu.ThirdParty0=STMicroelectronics.X-CUBE-AI.5.0.0
Mcu.ThirdPartyNb=1
Mcu.UserConstants=
Mcu.UserName=STM32F407VETx
MxCube.Version=5.6.0
MxDb.Version=DB.5.0.60
NVIC.BusFault_IRQn=true\:0\:0\:false\:false\:true\:false\:false
NVIC.DebugMonitor_IRQn=true\:0\:0\:false\:false\:true\:false\:false
NVIC.ForceEnableDMAVector=true
NVIC.HardFault_IRQn=true\:0\:0\:false\:false\:true\:false\:false
NVIC.MemoryManagement_IRQn=true\:0\:0\:false\:false\:true\:false\:false
NVIC.NonMaskableInt_IRQn=true\:0\:0\:false\:false\:true\:false\:false
NVIC.PendSV_IRQn=true\:0\:0\:false\:false\:true\:false\:false
NVIC.PriorityGroup=NVIC_PRIORITYGROUP_4
NVIC.SVCall_IRQn=true\:0\:0\:false\:false\:true\:false\:false
NVIC.SysTick_IRQn=true\:0\:0\:false\:false\:true\:false\:true
NVIC.UsageFault_IRQn=true\:0\:0\:false\:false\:true\:false\:false
PB1.GPIOParameters=GPIO_Speed,PinState,GPIO_PuPd,GPIO_ModeDefaultOutputPP
PB1.GPIO_ModeDefaultOutputPP=GPIO_MODE_OUTPUT_PP
PB1.GPIO_PuPd=GPIO_PULLUP
PB1.GPIO_Speed=GPIO_SPEED_FREQ_VERY_HIGH
PB1.Locked=true
PB1.PinState=GPIO_PIN_SET
PB1.Signal=GPIO_Output
PB12.GPIOParameters=GPIO_Speed,PinState,GPIO_PuPd,GPIO_ModeDefaultOutputPP
PB12.GPIO_ModeDefaultOutputPP=GPIO_MODE_OUTPUT_PP
PB12.GPIO_PuPd=GPIO_PULLUP
PB12.GPIO_Speed=GPIO_SPEED_FREQ_VERY_HIGH
PB12.Locked=true
PB12.PinState=GPIO_PIN_SET
PB12.Signal=GPIO_Output
PB13.GPIOParameters=GPIO_Speed,PinState,GPIO_PuPd,GPIO_ModeDefaultOutputPP
PB13.GPIO_ModeDefaultOutputPP=GPIO_MODE_OUTPUT_PP
PB13.GPIO_PuPd=GPIO_PULLUP
PB13.GPIO_Speed=GPIO_SPEED_FREQ_VERY_HIGH
PB13.Locked=true
PB13.PinState=GPIO_PIN_SET
PB13.Signal=GPIO_Output
PB14.GPIOParameters=GPIO_PuPd
PB14.GPIO_PuPd=GPIO_PULLUP
PB14.Locked=true
PB14.Signal=GPIO_Input
PB15.GPIOParameters=GPIO_Speed,PinState,GPIO_PuPd,GPIO_ModeDefaultOutputPP
PB15.GPIO_ModeDefaultOutputPP=GPIO_MODE_OUTPUT_PP
PB15.GPIO_PuPd=GPIO_PULLUP
PB15.GPIO_Speed=GPIO_SPEED_FREQ_VERY_HIGH
PB15.Locked=true
PB15.PinState=GPIO_PIN_SET
PB15.Signal=GPIO_Output
PB8.GPIOParameters=GPIO_Speed,PinState,GPIO_PuPd,GPIO_ModeDefaultOutputPP
PB8.GPIO_ModeDefaultOutputPP=GPIO_MODE_OUTPUT_PP
PB8.GPIO_PuPd=GPIO_PULLUP
PB8.GPIO_Speed=GPIO_SPEED_FREQ_VERY_HIGH
PB8.Locked=true
PB8.PinState=GPIO_PIN_SET
PB8.Signal=GPIO_Output
PB9.GPIOParameters=GPIO_Speed,PinState,GPIO_PuPd,GPIO_ModeDefaultOutputPP
PB9.GPIO_ModeDefaultOutputPP=GPIO_MODE_OUTPUT_PP
PB9.GPIO_PuPd=GPIO_PULLUP
PB9.GPIO_Speed=GPIO_SPEED_FREQ_VERY_HIGH
PB9.Locked=true
PB9.PinState=GPIO_PIN_SET
PB9.Signal=GPIO_Output
PC5.GPIOParameters=GPIO_PuPd
PC5.GPIO_PuPd=GPIO_PULLUP
PC5.Locked=true
PC5.Signal=GPIO_Input
PD0.GPIOParameters=GPIO_PuPd,GPIO_Speed_High_Default,GPIO_Mode
PD0.GPIO_Mode=GPIO_MODE_AF_PP
PD0.GPIO_PuPd=GPIO_PULLUP
PD0.GPIO_Speed_High_Default=GPIO_SPEED_FREQ_VERY_HIGH
PD0.Mode=16b-d1
PD0.Signal=FSMC_D2
PD1.GPIOParameters=GPIO_PuPd,GPIO_Speed_High_Default,GPIO_Mode
PD1.GPIO_Mode=GPIO_MODE_AF_PP
PD1.GPIO_PuPd=GPIO_PULLUP
PD1.GPIO_Speed_High_Default=GPIO_SPEED_FREQ_VERY_HIGH
PD1.Mode=16b-d1
PD1.Signal=FSMC_D3
PD10.GPIOParameters=GPIO_PuPd,GPIO_Speed_High_Default,GPIO_Mode
PD10.GPIO_Mode=GPIO_MODE_AF_PP
PD10.GPIO_PuPd=GPIO_PULLUP
PD10.GPIO_Speed_High_Default=GPIO_SPEED_FREQ_VERY_HIGH
PD10.Mode=16b-d1
PD10.Signal=FSMC_D15
PD13.GPIOParameters=GPIO_PuPd,GPIO_Speed_High_Default,GPIO_Mode
PD13.GPIO_Mode=GPIO_MODE_AF_PP
PD13.GPIO_PuPd=GPIO_PULLUP
PD13.GPIO_Speed_High_Default=GPIO_SPEED_FREQ_VERY_HIGH
PD13.Mode=A18_1
PD13.Signal=FSMC_A18
PD14.GPIOParameters=GPIO_PuPd,GPIO_Speed_High_Default,GPIO_Mode
PD14.GPIO_Mode=GPIO_MODE_AF_PP
PD14.GPIO_PuPd=GPIO_PULLUP
PD14.GPIO_Speed_High_Default=GPIO_SPEED_FREQ_VERY_HIGH
PD14.Mode=16b-d1
PD14.Signal=FSMC_D0
PD15.GPIOParameters=GPIO_PuPd,GPIO_Speed_High_Default,GPIO_Mode
PD15.GPIO_Mode=GPIO_MODE_AF_PP
PD15.GPIO_PuPd=GPIO_PULLUP
PD15.GPIO_Speed_High_Default=GPIO_SPEED_FREQ_VERY_HIGH
PD15.Mode=16b-d1
PD15.Signal=FSMC_D1
PD4.GPIOParameters=GPIO_PuPd,GPIO_Speed_High_Default,GPIO_Mode
PD4.GPIO_Mode=GPIO_MODE_AF_PP
PD4.GPIO_PuPd=GPIO_PULLUP
PD4.GPIO_Speed_High_Default=GPIO_SPEED_FREQ_VERY_HIGH
PD4.Mode=Lcd1
PD4.Signal=FSMC_NOE
PD5.GPIOParameters=GPIO_PuPd,GPIO_Speed_High_Default,GPIO_Mode
PD5.GPIO_Mode=GPIO_MODE_AF_PP
PD5.GPIO_PuPd=GPIO_PULLUP
PD5.GPIO_Speed_High_Default=GPIO_SPEED_FREQ_VERY_HIGH
PD5.Mode=Lcd1
PD5.Signal=FSMC_NWE
PD7.GPIOParameters=GPIO_PuPd,GPIO_Speed_High_Default,GPIO_Mode
PD7.GPIO_Mode=GPIO_MODE_AF_PP
PD7.GPIO_PuPd=GPIO_PULLUP
PD7.GPIO_Speed_High_Default=GPIO_SPEED_FREQ_VERY_HIGH
PD7.Mode=NorPsramChipSelect1_1
PD7.Signal=FSMC_NE1
PD8.GPIOParameters=GPIO_PuPd,GPIO_Speed_High_Default,GPIO_Mode
PD8.GPIO_Mode=GPIO_MODE_AF_PP
PD8.GPIO_PuPd=GPIO_PULLUP
PD8.GPIO_Speed_High_Default=GPIO_SPEED_FREQ_VERY_HIGH
PD8.Mode=16b-d1
PD8.Signal=FSMC_D13
PD9.GPIOParameters=GPIO_PuPd,GPIO_Speed_High_Default,GPIO_Mode
PD9.GPIO_Mode=GPIO_MODE_AF_PP
PD9.GPIO_PuPd=GPIO_PULLUP
PD9.GPIO_Speed_High_Default=GPIO_SPEED_FREQ_VERY_HIGH
PD9.Mode=16b-d1
PD9.Signal=FSMC_D14
PE10.GPIOParameters=GPIO_PuPd,GPIO_Speed_High_Default,GPIO_Mode
PE10.GPIO_Mode=GPIO_MODE_AF_PP
PE10.GPIO_PuPd=GPIO_PULLUP
PE10.GPIO_Speed_High_Default=GPIO_SPEED_FREQ_VERY_HIGH
PE10.Mode=16b-d1
PE10.Signal=FSMC_D7
PE11.GPIOParameters=GPIO_PuPd,GPIO_Speed_High_Default,GPIO_Mode
PE11.GPIO_Mode=GPIO_MODE_AF_PP
PE11.GPIO_PuPd=GPIO_PULLUP
PE11.GPIO_Speed_High_Default=GPIO_SPEED_FREQ_VERY_HIGH
PE11.Mode=16b-d1
PE11.Signal=FSMC_D8
PE12.GPIOParameters=GPIO_PuPd,GPIO_Speed_High_Default,GPIO_Mode
PE12.GPIO_Mode=GPIO_MODE_AF_PP
PE12.GPIO_PuPd=GPIO_PULLUP
PE12.GPIO_Speed_High_Default=GPIO_SPEED_FREQ_VERY_HIGH
PE12.Mode=16b-d1
PE12.Signal=FSMC_D9
PE13.GPIOParameters=GPIO_PuPd,GPIO_Speed_High_Default,GPIO_Mode
PE13.GPIO_Mode=GPIO_MODE_AF_PP
PE13.GPIO_PuPd=GPIO_PULLUP
PE13.GPIO_Speed_High_Default=GPIO_SPEED_FREQ_VERY_HIGH
PE13.Mode=16b-d1
PE13.Signal=FSMC_D10
PE14.GPIOParameters=GPIO_PuPd,GPIO_Speed_High_Default,GPIO_Mode
PE14.GPIO_Mode=GPIO_MODE_AF_PP
PE14.GPIO_PuPd=GPIO_PULLUP
PE14.GPIO_Speed_High_Default=GPIO_SPEED_FREQ_VERY_HIGH
PE14.Mode=16b-d1
PE14.Signal=FSMC_D11
PE15.GPIOParameters=GPIO_PuPd,GPIO_Speed_High_Default,GPIO_Mode
PE15.GPIO_Mode=GPIO_MODE_AF_PP
PE15.GPIO_PuPd=GPIO_PULLUP
PE15.GPIO_Speed_High_Default=GPIO_SPEED_FREQ_VERY_HIGH
PE15.Mode=16b-d1
PE15.Signal=FSMC_D12
PE7.GPIOParameters=GPIO_PuPd,GPIO_Speed_High_Default,GPIO_Mode
PE7.GPIO_Mode=GPIO_MODE_AF_PP
PE7.GPIO_PuPd=GPIO_PULLUP
PE7.GPIO_Speed_High_Default=GPIO_SPEED_FREQ_VERY_HIGH
PE7.Mode=16b-d1
PE7.Signal=FSMC_D4
PE8.GPIOParameters=GPIO_PuPd,GPIO_Speed_High_Default,GPIO_Mode
PE8.GPIO_Mode=GPIO_MODE_AF_PP
PE8.GPIO_PuPd=GPIO_PULLUP
PE8.GPIO_Speed_High_Default=GPIO_SPEED_FREQ_VERY_HIGH
PE8.Mode=16b-d1
PE8.Signal=FSMC_D5
PE9.GPIOParameters=GPIO_PuPd,GPIO_Speed_High_Default,GPIO_Mode
PE9.GPIO_Mode=GPIO_MODE_AF_PP
PE9.GPIO_PuPd=GPIO_PULLUP
PE9.GPIO_Speed_High_Default=GPIO_SPEED_FREQ_VERY_HIGH
PE9.Mode=16b-d1
PE9.Signal=FSMC_D6
PinOutPanel.RotationAngle=0
ProjectManager.AskForMigrate=true
ProjectManager.BackupPrevious=false
ProjectManager.CompilerOptimize=6
ProjectManager.ComputerToolchain=false
ProjectManager.CoupleFile=false
ProjectManager.CustomerFirmwarePackage=
ProjectManager.DefaultFWLocation=true
ProjectManager.DeletePrevious=true
ProjectManager.DeviceId=STM32F407VETx
ProjectManager.FirmwarePackage=STM32Cube FW_F4 V1.25.0
ProjectManager.FreePins=false
ProjectManager.HalAssertFull=false
ProjectManager.HeapSize=0x800
ProjectManager.KeepUserCode=true
ProjectManager.LastFirmware=true
ProjectManager.LibraryCopy=0
ProjectManager.MainLocation=Src
ProjectManager.NoMain=false
ProjectManager.PreviousToolchain=
ProjectManager.ProjectBuild=false
ProjectManager.ProjectFileName=cnnstm32.ioc
ProjectManager.ProjectName=cnnstm32
ProjectManager.StackSize=0x800
ProjectManager.TargetToolchain=MDK-ARM V5
ProjectManager.ToolChainLocation=
ProjectManager.UnderRoot=false
ProjectManager.functionlistsort=1-MX_GPIO_Init-GPIO-false-HAL-true,2-SystemClock_Config-RCC-false-HAL-false,3-MX_CRC_Init-CRC-false-HAL-true,4-MX_FSMC_Init-FSMC-false-HAL-true,5-MX_X_CUBE_AI_Init-STMicroelectronics.X-CUBE-AI.5.0.0-false-HAL-true,6-MX_X_CUBE_AI_Process-STMicroelectronics.X-CUBE-AI.5.0.0-false-HAL-true
RCC.AHBFreq_Value=16000000
RCC.APB1Freq_Value=16000000
RCC.APB2Freq_Value=16000000
RCC.CortexFreq_Value=16000000
RCC.FamilyName=M
RCC.HSE_VALUE=25000000
RCC.HSI_VALUE=16000000
RCC.I2SClocksFreq_Value=96000000
RCC.IPParameters=AHBFreq_Value,APB1Freq_Value,APB2Freq_Value,CortexFreq_Value,FamilyName,HSE_VALUE,HSI_VALUE,I2SClocksFreq_Value,LSE_VALUE,LSI_VALUE,PLLCLKFreq_Value,PLLQCLKFreq_Value,RTCFreq_Value,RTCHSEDivFreq_Value,SYSCLKFreq_VALUE,VCOI2SOutputFreq_Value,VCOInputFreq_Value,VCOOutputFreq_Value,VcooutputI2S
RCC.LSE_VALUE=32768
RCC.LSI_VALUE=32000
RCC.PLLCLKFreq_Value=96000000
RCC.PLLQCLKFreq_Value=48000000
RCC.RTCFreq_Value=32000
RCC.RTCHSEDivFreq_Value=12500000
RCC.SYSCLKFreq_VALUE=16000000
RCC.VCOI2SOutputFreq_Value=192000000
RCC.VCOInputFreq_Value=1000000
RCC.VCOOutputFreq_Value=192000000
RCC.VcooutputI2S=96000000
STMicroelectronics.X-CUBE-AI.5.0.0.ActivationBufferSizeList=28288
STMicroelectronics.X-CUBE-AI.5.0.0.ApplicationCcArtificialOoIntelligenceJjApplication=ApplicationTemplate
STMicroelectronics.X-CUBE-AI.5.0.0.ArtificialOoIntelligenceJjApplication_Checked=true
STMicroelectronics.X-CUBE-AI.5.0.0.ArtificialOoIntelligenceJjXAaCUBEAaAI_Checked=true
STMicroelectronics.X-CUBE-AI.5.0.0.HeapSize=0x800
STMicroelectronics.X-CUBE-AI.5.0.0.IPParameters=XAaCUBEAaAICcArtificialOoIntelligenceJjCore,ApplicationCcArtificialOoIntelligenceJjApplication,HeapSize,StackSize,ModelName-21116a86eed5e09711c0c33d49dfed7171150b82154b86d7cda54010451eef15,ModelHashList,ModelNameList,WorkingBufferStartAddrList,ModelType-21116a86eed5e09711c0c33d49dfed7171150b82154b86d7cda54010451eef15,ModelKind-21116a86eed5e09711c0c33d49dfed7171150b82154b86d7cda54010451eef15,LatestDirectoryUsed-21116a86eed5e09711c0c33d49dfed7171150b82154b86d7cda54010451eef15,ModelStructureFile-21116a86eed5e09711c0c33d49dfed7171150b82154b86d7cda54010451eef15,ModelCompression-21116a86eed5e09711c0c33d49dfed7171150b82154b86d7cda54010451eef15,ModelFlashOccupation-21116a86eed5e09711c0c33d49dfed7171150b82154b86d7cda54010451eef15,ModelRamOccupation-21116a86eed5e09711c0c33d49dfed7171150b82154b86d7cda54010451eef15,ModelMacc-21116a86eed5e09711c0c33d49dfed7171150b82154b86d7cda54010451eef15,ModelActualCompression-21116a86eed5e09711c0c33d49dfed7171150b82154b86d7cda54010451eef15,NNModelInformation_AchievedCompression-21116a86eed5e09711c0c33d49dfed7171150b82154b86d7cda54010451eef15,NNModelInformation_CompressionFactor-21116a86eed5e09711c0c33d49dfed7171150b82154b86d7cda54010451eef15,NNModelInformation_EvaluationStatus-21116a86eed5e09711c0c33d49dfed7171150b82154b86d7cda54010451eef15,NNModelInformation_HeapSizeNeeded-21116a86eed5e09711c0c33d49dfed7171150b82154b86d7cda54010451eef15,NNModelInformation_ModelInSizeByName-21116a86eed5e09711c0c33d49dfed7171150b82154b86d7cda54010451eef15,NNModelInformation_ModelMacc-21116a86eed5e09711c0c33d49dfed7171150b82154b86d7cda54010451eef15,NNModelInformation_ModelName-21116a86eed5e09711c0c33d49dfed7171150b82154b86d7cda54010451eef15,NNModelInformation_ModelOutSizeByName-21116a86eed5e09711c0c33d49dfed7171150b82154b86d7cda54010451eef15,NNModelInformation_ModelRam-21116a86eed5e09711c0c33d49dfed7171150b82154b86d7cda54010451eef15,NNModelInformation_ModelRom-21116a86eed5e09711c0c33d49dfed7171150b82154b86d7cda54010451eef15,NNModelInformation_ModelSize-21116a86eed5e09711c0c33d49dfed7171150b82154b86d7cda54010451eef15,NNModelInformation_NbOfParameters-21116a86eed5e09711c0c33d49dfed7171150b82154b86d7cda54010451eef15,InternalRamActivationBufferMaxSize,ActivationBufferSizeList,MaximumNumberOfInputLayer,MaximumNumberOfOutputLayer,MaximumSizeOfInputLayer,MaximumSizeOfOutputLayer
STMicroelectronics.X-CUBE-AI.5.0.0.InternalRamActivationBufferMaxSize=AI_NETWORK_DATA_ACTIVATIONS_SIZE
STMicroelectronics.X-CUBE-AI.5.0.0.LatestDirectoryUsed-21116a86eed5e09711c0c33d49dfed7171150b82154b86d7cda54010451eef15=D\:\\My_space\\personal_projects\\ml_on_MCU\\ml_on_MCU_pc_python_project
STMicroelectronics.X-CUBE-AI.5.0.0.MaximumNumberOfInputLayer=1
STMicroelectronics.X-CUBE-AI.5.0.0.MaximumNumberOfOutputLayer=1
STMicroelectronics.X-CUBE-AI.5.0.0.MaximumSizeOfInputLayer=3136
STMicroelectronics.X-CUBE-AI.5.0.0.MaximumSizeOfOutputLayer=40
STMicroelectronics.X-CUBE-AI.5.0.0.ModelActualCompression-21116a86eed5e09711c0c33d49dfed7171150b82154b86d7cda54010451eef15=0.0
STMicroelectronics.X-CUBE-AI.5.0.0.ModelCompression-21116a86eed5e09711c0c33d49dfed7171150b82154b86d7cda54010451eef15=8
STMicroelectronics.X-CUBE-AI.5.0.0.ModelFlashOccupation-21116a86eed5e09711c0c33d49dfed7171150b82154b86d7cda54010451eef15=276184
STMicroelectronics.X-CUBE-AI.5.0.0.ModelHashList=21116a86eed5e09711c0c33d49dfed7171150b82154b86d7cda54010451eef15
STMicroelectronics.X-CUBE-AI.5.0.0.ModelKind-21116a86eed5e09711c0c33d49dfed7171150b82154b86d7cda54010451eef15=KERAS
STMicroelectronics.X-CUBE-AI.5.0.0.ModelMacc-21116a86eed5e09711c0c33d49dfed7171150b82154b86d7cda54010451eef15=780034
STMicroelectronics.X-CUBE-AI.5.0.0.ModelName-21116a86eed5e09711c0c33d49dfed7171150b82154b86d7cda54010451eef15=network
STMicroelectronics.X-CUBE-AI.5.0.0.ModelNameList=network
STMicroelectronics.X-CUBE-AI.5.0.0.ModelRamOccupation-21116a86eed5e09711c0c33d49dfed7171150b82154b86d7cda54010451eef15=28288
STMicroelectronics.X-CUBE-AI.5.0.0.ModelStructureFile-21116a86eed5e09711c0c33d49dfed7171150b82154b86d7cda54010451eef15=/D\:/My_space/personal_projects/ml_on_MCU/ml_on_MCU_pc_python_project/final_model.h5
STMicroelectronics.X-CUBE-AI.5.0.0.ModelType-21116a86eed5e09711c0c33d49dfed7171150b82154b86d7cda54010451eef15=Saved model
STMicroelectronics.X-CUBE-AI.5.0.0.NNModelInformation_AchievedCompression-21116a86eed5e09711c0c33d49dfed7171150b82154b86d7cda54010451eef15=0.0
STMicroelectronics.X-CUBE-AI.5.0.0.NNModelInformation_CompressionFactor-21116a86eed5e09711c0c33d49dfed7171150b82154b86d7cda54010451eef15=-0.8726628921306456
STMicroelectronics.X-CUBE-AI.5.0.0.NNModelInformation_EvaluationStatus-21116a86eed5e09711c0c33d49dfed7171150b82154b86d7cda54010451eef15=NOT EVALUATED
STMicroelectronics.X-CUBE-AI.5.0.0.NNModelInformation_HeapSizeNeeded-21116a86eed5e09711c0c33d49dfed7171150b82154b86d7cda54010451eef15=1024
STMicroelectronics.X-CUBE-AI.5.0.0.NNModelInformation_ModelInSizeByName-21116a86eed5e09711c0c33d49dfed7171150b82154b86d7cda54010451eef15={input_0\=3136}
STMicroelectronics.X-CUBE-AI.5.0.0.NNModelInformation_ModelMacc-21116a86eed5e09711c0c33d49dfed7171150b82154b86d7cda54010451eef15=780034
STMicroelectronics.X-CUBE-AI.5.0.0.NNModelInformation_ModelName-21116a86eed5e09711c0c33d49dfed7171150b82154b86d7cda54010451eef15=network
STMicroelectronics.X-CUBE-AI.5.0.0.NNModelInformation_ModelOutSizeByName-21116a86eed5e09711c0c33d49dfed7171150b82154b86d7cda54010451eef15={dense_1_nl\=40}
STMicroelectronics.X-CUBE-AI.5.0.0.NNModelInformation_ModelRam-21116a86eed5e09711c0c33d49dfed7171150b82154b86d7cda54010451eef15=28288
STMicroelectronics.X-CUBE-AI.5.0.0.NNModelInformation_ModelRom-21116a86eed5e09711c0c33d49dfed7171150b82154b86d7cda54010451eef15=276184
STMicroelectronics.X-CUBE-AI.5.0.0.NNModelInformation_ModelSize-21116a86eed5e09711c0c33d49dfed7171150b82154b86d7cda54010451eef15=2168920
STMicroelectronics.X-CUBE-AI.5.0.0.NNModelInformation_NbOfParameters-21116a86eed5e09711c0c33d49dfed7171150b82154b86d7cda54010451eef15=542230
STMicroelectronics.X-CUBE-AI.5.0.0.StackSize=0x800
STMicroelectronics.X-CUBE-AI.5.0.0.WorkingBufferStartAddrList=0xFFFFFFFF
STMicroelectronics.X-CUBE-AI.5.0.0.XAaCUBEAaAICcArtificialOoIntelligenceJjCore=true
STMicroelectronics.X-CUBE-AI.5.0.0_SwParameter=XAaCUBEAaAICcArtificialOoIntelligenceJjCore\:true;ApplicationCcArtificialOoIntelligenceJjApplication\:ApplicationTemplate;
VP_CRC_VS_CRC.Mode=CRC_Activate
VP_CRC_VS_CRC.Signal=CRC_VS_CRC
VP_STMicroelectronics.X-CUBE-AI_VS_ArtificialOoIntelligenceJjApplication_5.0.0.Mode=ArtificialOoIntelligenceJjApplication
VP_STMicroelectronics.X-CUBE-AI_VS_ArtificialOoIntelligenceJjApplication_5.0.0.Signal=STMicroelectronics.X-CUBE-AI_VS_ArtificialOoIntelligenceJjApplication_5.0.0
VP_STMicroelectronics.X-CUBE-AI_VS_ArtificialOoIntelligenceJjXAaCUBEAaAI_5.0.0.Mode=ArtificialOoIntelligenceJjXAaCUBEAaAI
VP_STMicroelectronics.X-CUBE-AI_VS_ArtificialOoIntelligenceJjXAaCUBEAaAI_5.0.0.Signal=STMicroelectronics.X-CUBE-AI_VS_ArtificialOoIntelligenceJjXAaCUBEAaAI_5.0.0
VP_SYS_VS_Systick.Mode=SysTick
VP_SYS_VS_Systick.Signal=SYS_VS_Systick
board=custom
